{
  "name": "code-snippet",
  "version": "1.0.0",
  "lockfileVersion": 1,
  "requires": true,
  "dependencies": {
    "agent-base": {
      "version": "4.3.0",
      "resolved": "https://repo.dev.wixpress.com/artifactory/api/npm/npm-repos/agent-base/-/agent-base-4.3.0.tgz",
      "integrity": "sha1-gWXwHENgCbzK0LHRIvBe13Dvxu4=",
      "requires": {
        "es6-promisify": "^5.0.0"
      }
    },
    "ast-types": {
      "version": "0.13.2",
      "resolved": "https://repo.dev.wixpress.com/artifactory/api/npm/npm-repos/ast-types/-/ast-types-0.13.2.tgz",
      "integrity": "sha1-3zm2d6kRqD86BJZE+3T93tI86kg="
    },
    "asynckit": {
      "version": "0.4.0",
      "resolved": "https://repo.dev.wixpress.com/artifactory/api/npm/npm-repos/asynckit/-/asynckit-0.4.0.tgz",
      "integrity": "sha1-x57Zf380y48robyXkLzDZkdLS3k="
    },
    "batch": {
      "version": "0.6.1",
      "resolved": "https://repo.dev.wixpress.com/artifactory/api/npm/npm-repos/batch/-/batch-0.6.1.tgz",
      "integrity": "sha1-3DQxT05nkxgJP8dgJyUl+UvyXBY="
    },
    "boolbase": {
      "version": "1.0.0",
      "resolved": "https://repo.dev.wixpress.com/artifactory/api/npm/npm-repos/boolbase/-/boolbase-1.0.0.tgz",
      "integrity": "sha1-aN/1++YMUes3cl6p4+0xDcwed24="
    },
    "bytes": {
      "version": "3.1.0",
      "resolved": "https://repo.dev.wixpress.com/artifactory/api/npm/npm-repos/bytes/-/bytes-3.1.0.tgz",
      "integrity": "sha1-9s95M6Ng4FiPqf3oVlHNx/gF0fY="
    },
    "cheerio": {
      "version": "0.22.0",
      "resolved": "https://repo.dev.wixpress.com/artifactory/api/npm/npm-repos/cheerio/-/cheerio-0.22.0.tgz",
      "integrity": "sha1-qbqoYKP5tZWmuBsahocxIe06Jp4=",
      "requires": {
        "css-select": "~1.2.0",
        "dom-serializer": "~0.1.0",
        "entities": "~1.1.1",
        "htmlparser2": "^3.9.1",
        "lodash.assignin": "^4.0.9",
        "lodash.bind": "^4.1.4",
        "lodash.defaults": "^4.0.1",
        "lodash.filter": "^4.4.0",
        "lodash.flatten": "^4.2.0",
        "lodash.foreach": "^4.3.0",
        "lodash.map": "^4.4.0",
        "lodash.merge": "^4.4.0",
        "lodash.pick": "^4.2.1",
        "lodash.reduce": "^4.4.0",
        "lodash.reject": "^4.4.0",
        "lodash.some": "^4.4.0"
      }
    },
    "co": {
      "version": "4.6.0",
      "resolved": "https://repo.dev.wixpress.com/artifactory/api/npm/npm-repos/co/-/co-4.6.0.tgz",
      "integrity": "sha1-bqa989hTrlTMuOR7+gvz+QMfsYQ="
    },
    "combined-stream": {
      "version": "1.0.8",
      "resolved": "https://repo.dev.wixpress.com/artifactory/api/npm/npm-repos/combined-stream/-/combined-stream-1.0.8.tgz",
      "integrity": "sha1-w9RaizT9cwYxoRCoolIGgrMdWn8=",
      "requires": {
        "delayed-stream": "~1.0.0"
      }
    },
    "component-emitter": {
      "version": "1.3.0",
      "resolved": "https://repo.dev.wixpress.com/artifactory/api/npm/npm-repos/component-emitter/-/component-emitter-1.3.0.tgz",
      "integrity": "sha1-FuQHD7qK4ptnnyIVhT7hgasuq8A="
    },
    "cookiejar": {
      "version": "2.1.2",
      "resolved": "https://repo.dev.wixpress.com/artifactory/api/npm/npm-repos/cookiejar/-/cookiejar-2.1.2.tgz",
      "integrity": "sha1-3YojVTB1L5iPmghE8/xYnjERElw="
    },
    "core-util-is": {
      "version": "1.0.2",
      "resolved": "https://repo.dev.wixpress.com/artifactory/api/npm/npm-repos/core-util-is/-/core-util-is-1.0.2.tgz",
      "integrity": "sha1-tf1UIgqivFq1eqtxQMlAdUUDwac="
    },
    "css-rules": {
      "version": "1.0.9",
      "resolved": "https://repo.dev.wixpress.com/artifactory/api/npm/npm-repos/css-rules/-/css-rules-1.0.9.tgz",
      "integrity": "sha1-YUwsdt2p2dV0M2y8VQ0W2c+3irU=",
      "requires": {
        "cssom": "^0.4.4"
      }
    },
    "css-select": {
      "version": "1.2.0",
      "resolved": "https://repo.dev.wixpress.com/artifactory/api/npm/npm-repos/css-select/-/css-select-1.2.0.tgz",
      "integrity": "sha1-KzoRBTnFNV8c2NMUYj6HCxIeyFg=",
      "requires": {
        "boolbase": "~1.0.0",
        "css-what": "2.1",
        "domutils": "1.5.1",
        "nth-check": "~1.0.1"
      }
    },
    "css-what": {
      "version": "2.1.3",
      "resolved": "https://repo.dev.wixpress.com/artifactory/api/npm/npm-repos/css-what/-/css-what-2.1.3.tgz",
      "integrity": "sha1-ptdgRXM2X+dGhsPzEcVlE9iChfI="
    },
    "cssom": {
      "version": "0.4.4",
      "resolved": "https://repo.dev.wixpress.com/artifactory/api/npm/npm-repos/cssom/-/cssom-0.4.4.tgz",
      "integrity": "sha1-WmbPk9LQtmHYC/akT7ZfXC5OChA="
    },
    "data-uri-to-buffer": {
      "version": "1.2.0",
      "resolved": "https://repo.dev.wixpress.com/artifactory/api/npm/npm-repos/data-uri-to-buffer/-/data-uri-to-buffer-1.2.0.tgz",
      "integrity": "sha1-dxY+qcINhkG0cH6PGKvfmnjzSDU="
    },
    "debug": {
      "version": "4.1.1",
      "resolved": "https://repo.dev.wixpress.com/artifactory/api/npm/npm-repos/debug/-/debug-4.1.1.tgz",
      "integrity": "sha1-O3ImAlUQnGtYnO4FDx1RYTlmR5E=",
      "requires": {
        "ms": "^2.1.1"
      }
    },
    "deep-is": {
      "version": "0.1.3",
      "resolved": "https://repo.dev.wixpress.com/artifactory/api/npm/npm-repos/deep-is/-/deep-is-0.1.3.tgz",
      "integrity": "sha1-s2nW+128E+7PUk+RsHD+7cNXzzQ="
    },
    "degenerator": {
      "version": "1.0.4",
      "resolved": "https://repo.dev.wixpress.com/artifactory/api/npm/npm-repos/degenerator/-/degenerator-1.0.4.tgz",
      "integrity": "sha1-/PSQo37OJmRk2cxDGrmMWBnO0JU=",
      "requires": {
        "ast-types": "0.x.x",
        "escodegen": "1.x.x",
        "esprima": "3.x.x"
      }
    },
    "delayed-stream": {
      "version": "1.0.0",
      "resolved": "https://repo.dev.wixpress.com/artifactory/api/npm/npm-repos/delayed-stream/-/delayed-stream-1.0.0.tgz",
      "integrity": "sha1-3zrhmayt+31ECqrgsp4icrJOxhk="
    },
    "depd": {
      "version": "1.1.2",
      "resolved": "https://repo.dev.wixpress.com/artifactory/api/npm/npm-repos/depd/-/depd-1.1.2.tgz",
      "integrity": "sha1-m81S4UwJd2PnSbJ0xDRu0uVgtak="
    },
    "dom-serializer": {
      "version": "0.1.1",
      "resolved": "https://repo.dev.wixpress.com/artifactory/api/npm/npm-repos/dom-serializer/-/dom-serializer-0.1.1.tgz",
      "integrity": "sha1-HsQFnihLq+027sKUHUqXChic58A=",
      "requires": {
        "domelementtype": "^1.3.0",
        "entities": "^1.1.1"
      }
    },
    "domelementtype": {
      "version": "1.3.1",
      "resolved": "https://repo.dev.wixpress.com/artifactory/api/npm/npm-repos/domelementtype/-/domelementtype-1.3.1.tgz",
      "integrity": "sha1-0EjESzew0Qp/Kj1f7j9DM9eQSB8="
    },
    "domhandler": {
      "version": "2.4.2",
      "resolved": "https://repo.dev.wixpress.com/artifactory/api/npm/npm-repos/domhandler/-/domhandler-2.4.2.tgz",
      "integrity": "sha1-iAUJfpM9ZehVRvcm1g9euItE+AM=",
      "requires": {
        "domelementtype": "1"
      }
    },
    "domutils": {
      "version": "1.5.1",
      "resolved": "https://repo.dev.wixpress.com/artifactory/api/npm/npm-repos/domutils/-/domutils-1.5.1.tgz",
      "integrity": "sha1-3NhIiib1Y9YQeeSMn3t+Mjc2gs8=",
      "requires": {
        "dom-serializer": "0",
        "domelementtype": "1"
      }
    },
    "entities": {
      "version": "1.1.2",
      "resolved": "https://repo.dev.wixpress.com/artifactory/api/npm/npm-repos/entities/-/entities-1.1.2.tgz",
      "integrity": "sha1-vfpzUplmTfr9NFKe1PhSKidf6lY="
    },
    "es6-promise": {
      "version": "4.2.8",
      "resolved": "https://repo.dev.wixpress.com/artifactory/api/npm/npm-repos/es6-promise/-/es6-promise-4.2.8.tgz",
      "integrity": "sha1-TrIVlMlyvEBVPSduUQU5FD21Pgo="
    },
    "es6-promisify": {
      "version": "5.0.0",
      "resolved": "https://repo.dev.wixpress.com/artifactory/api/npm/npm-repos/es6-promisify/-/es6-promisify-5.0.0.tgz",
      "integrity": "sha1-UQnWLz5W6pZ8S2NQWu8IKRyKUgM=",
      "requires": {
        "es6-promise": "^4.0.3"
      }
    },
    "escodegen": {
      "version": "1.14.1",
      "resolved": "https://repo.dev.wixpress.com/artifactory/api/npm/npm-repos/escodegen/-/escodegen-1.14.1.tgz",
      "integrity": "sha1-ugHQyCeLXpWppFNQFCAmZZAnpFc=",
      "requires": {
        "esprima": "^4.0.1",
        "estraverse": "^4.2.0",
        "esutils": "^2.0.2",
        "optionator": "^0.8.1",
        "source-map": "~0.6.1"
      },
      "dependencies": {
        "esprima": {
          "version": "4.0.1",
          "resolved": "https://repo.dev.wixpress.com/artifactory/api/npm/npm-repos/esprima/-/esprima-4.0.1.tgz",
          "integrity": "sha1-E7BM2z5sXRnfkatph6hpVhmwqnE="
        }
      }
    },
    "esprima": {
      "version": "3.1.3",
      "resolved": "https://repo.dev.wixpress.com/artifactory/api/npm/npm-repos/esprima/-/esprima-3.1.3.tgz",
      "integrity": "sha1-/cpRzuYTOJXjyI1TXOSdv/YqRjM="
    },
    "estraverse": {
      "version": "4.3.0",
      "resolved": "https://repo.dev.wixpress.com/artifactory/api/npm/npm-repos/estraverse/-/estraverse-4.3.0.tgz",
      "integrity": "sha1-OYrT88WiSUi+dyXoPRGn3ijNvR0="
    },
    "esutils": {
      "version": "2.0.3",
      "resolved": "https://repo.dev.wixpress.com/artifactory/api/npm/npm-repos/esutils/-/esutils-2.0.3.tgz",
      "integrity": "sha1-dNLrTeC42hKTcRkQ1Qd1ubcQ72Q="
    },
    "extend": {
      "version": "3.0.2",
      "resolved": "https://repo.dev.wixpress.com/artifactory/api/npm/npm-repos/extend/-/extend-3.0.2.tgz",
      "integrity": "sha1-+LETa0Bx+9jrFAr/hYsQGewpFfo="
    },
    "extract-css": {
      "version": "1.5.5",
      "resolved": "https://repo.dev.wixpress.com/artifactory/api/npm/npm-repos/extract-css/-/extract-css-1.5.5.tgz",
      "integrity": "sha1-AIKubx/40DdXOTROiHT9cD1+oFw=",
      "requires": {
        "batch": "^0.6.1",
        "href-content": "^1.2.3",
        "list-stylesheets": "^1.2.8",
        "style-data": "^1.4.6"
      }
    },
    "fast-levenshtein": {
      "version": "2.0.6",
      "resolved": "https://repo.dev.wixpress.com/artifactory/api/npm/npm-repos/fast-levenshtein/-/fast-levenshtein-2.0.6.tgz",
      "integrity": "sha1-PYpcZog6FqMMqGQ+hR8Zuqd5eRc="
    },
    "fast-safe-stringify": {
      "version": "2.0.7",
      "resolved": "https://repo.dev.wixpress.com/artifactory/api/npm/npm-repos/fast-safe-stringify/-/fast-safe-stringify-2.0.7.tgz",
      "integrity": "sha1-EkqohYmSYfaK7bQqfAgN6dpgh0M="
    },
    "file-uri-to-path": {
      "version": "1.0.0",
      "resolved": "https://repo.dev.wixpress.com/artifactory/api/npm/npm-repos/file-uri-to-path/-/file-uri-to-path-1.0.0.tgz",
      "integrity": "sha1-VTp7hEb/b2hDWcRF8eN6BdrMM90="
    },
    "flat-util": {
      "version": "1.1.1",
      "resolved": "https://repo.dev.wixpress.com/artifactory/api/npm/npm-repos/flat-util/-/flat-util-1.1.1.tgz",
      "integrity": "sha1-/OByk7lqUPIXav8+4CsQPD8qsPw="
    },
    "form-data": {
      "version": "3.0.0",
      "resolved": "https://repo.dev.wixpress.com/artifactory/api/npm/npm-repos/form-data/-/form-data-3.0.0.tgz",
      "integrity": "sha1-MbfjnIXxNVtxOe4MZHzw3n+DxoI=",
      "requires": {
        "asynckit": "^0.4.0",
        "combined-stream": "^1.0.8",
        "mime-types": "^2.1.12"
      }
    },
    "formidable": {
      "version": "1.2.2",
      "resolved": "https://repo.dev.wixpress.com/artifactory/api/npm/npm-repos/formidable/-/formidable-1.2.2.tgz",
      "integrity": "sha1-v2muopcpgmdfAIZTQrmCmG9rjdk="
    },
    "ftp": {
      "version": "0.3.10",
      "resolved": "https://repo.dev.wixpress.com/artifactory/api/npm/npm-repos/ftp/-/ftp-0.3.10.tgz",
      "integrity": "sha1-kZfYYa2BQvPmPVqDv+TFn3MwiF0=",
      "requires": {
        "readable-stream": "1.1.x",
        "xregexp": "2.0.0"
      },
      "dependencies": {
        "readable-stream": {
          "version": "1.1.14",
          "resolved": "https://repo.dev.wixpress.com/artifactory/api/npm/npm-repos/readable-stream/-/readable-stream-1.1.14.tgz",
          "integrity": "sha1-fPTFTvZI44EwhMY23SB54WbAgdk=",
          "requires": {
            "core-util-is": "~1.0.0",
            "inherits": "~2.0.1",
            "isarray": "0.0.1",
            "string_decoder": "~0.10.x"
          }
        },
        "string_decoder": {
          "version": "0.10.31",
          "resolved": "https://repo.dev.wixpress.com/artifactory/api/npm/npm-repos/string_decoder/-/string_decoder-0.10.31.tgz",
          "integrity": "sha1-YuIDvEF2bGwoyfyEMB2rHFMQ+pQ="
        }
      }
    },
    "get-uri": {
      "version": "2.0.4",
      "resolved": "https://repo.dev.wixpress.com/artifactory/api/npm/npm-repos/get-uri/-/get-uri-2.0.4.tgz",
      "integrity": "sha1-1JN6uBniGNTLWuGOT1livvFpzGo=",
      "requires": {
        "data-uri-to-buffer": "1",
        "debug": "2",
        "extend": "~3.0.2",
        "file-uri-to-path": "1",
        "ftp": "~0.3.10",
        "readable-stream": "2"
      },
      "dependencies": {
        "debug": {
          "version": "2.6.9",
          "resolved": "https://repo.dev.wixpress.com/artifactory/api/npm/npm-repos/debug/-/debug-2.6.9.tgz",
          "integrity": "sha1-XRKFFd8TT/Mn6QpMk/Tgd6U2NB8=",
          "requires": {
            "ms": "2.0.0"
          }
        },
        "isarray": {
          "version": "1.0.0",
          "resolved": "https://repo.dev.wixpress.com/artifactory/api/npm/npm-repos/isarray/-/isarray-1.0.0.tgz",
          "integrity": "sha1-u5NdSFgsuhaMBoNJV6VKPgcSTxE="
        },
        "ms": {
          "version": "2.0.0",
          "resolved": "https://repo.dev.wixpress.com/artifactory/api/npm/npm-repos/ms/-/ms-2.0.0.tgz",
          "integrity": "sha1-VgiurfwAvmwpAd9fmGF4jeDVl8g="
        },
        "readable-stream": {
          "version": "2.3.7",
          "resolved": "https://repo.dev.wixpress.com/artifactory/api/npm/npm-repos/readable-stream/-/readable-stream-2.3.7.tgz",
          "integrity": "sha1-Hsoc9xGu+BTAT2IlKjamL2yyO1c=",
          "requires": {
            "core-util-is": "~1.0.0",
            "inherits": "~2.0.3",
            "isarray": "~1.0.0",
            "process-nextick-args": "~2.0.0",
            "safe-buffer": "~5.1.1",
            "string_decoder": "~1.1.1",
            "util-deprecate": "~1.0.1"
          }
        },
        "safe-buffer": {
          "version": "5.1.2",
          "resolved": "https://repo.dev.wixpress.com/artifactory/api/npm/npm-repos/safe-buffer/-/safe-buffer-5.1.2.tgz",
          "integrity": "sha1-mR7GnSluAxN0fVm9/St0XDX4go0="
        },
        "string_decoder": {
          "version": "1.1.1",
          "resolved": "https://repo.dev.wixpress.com/artifactory/api/npm/npm-repos/string_decoder/-/string_decoder-1.1.1.tgz",
          "integrity": "sha1-nPFhG6YmhdcDCunkujQUnDrwP8g=",
          "requires": {
            "safe-buffer": "~5.1.0"
          }
        }
      }
    },
    "highlight.js": {
      "version": "9.18.1",
      "resolved": "https://repo.dev.wixpress.com/artifactory/api/npm/npm-repos/highlight.js/-/highlight.js-9.18.1.tgz",
      "integrity": "sha1-7SGqAB/mJSuxCj121HVzxlOf4Tw="
    },
    "href-content": {
      "version": "1.2.3",
      "resolved": "https://repo.dev.wixpress.com/artifactory/api/npm/npm-repos/href-content/-/href-content-1.2.3.tgz",
      "integrity": "sha1-Mw8lteVHqSQGDydntjNa/slQmvE=",
      "requires": {
        "remote-content": "^1.2.3"
      }
    },
    "htmlparser2": {
      "version": "3.10.1",
      "resolved": "https://repo.dev.wixpress.com/artifactory/api/npm/npm-repos/htmlparser2/-/htmlparser2-3.10.1.tgz",
      "integrity": "sha1-vWedw/WYl7ajS7EHSchVu1OpOS8=",
      "requires": {
        "domelementtype": "^1.3.1",
        "domhandler": "^2.3.0",
        "domutils": "^1.5.1",
        "entities": "^1.1.1",
        "inherits": "^2.0.1",
        "readable-stream": "^3.1.1"
      }
    },
    "http-errors": {
      "version": "1.7.3",
      "resolved": "https://repo.dev.wixpress.com/artifactory/api/npm/npm-repos/http-errors/-/http-errors-1.7.3.tgz",
      "integrity": "sha1-bGGeT5xgMIw4UZSYwU+7EKrOuwY=",
      "requires": {
        "depd": "~1.1.2",
        "inherits": "2.0.4",
        "setprototypeof": "1.1.1",
        "statuses": ">= 1.5.0 < 2",
        "toidentifier": "1.0.0"
      }
    },
    "http-proxy-agent": {
      "version": "2.1.0",
      "resolved": "https://repo.dev.wixpress.com/artifactory/api/npm/npm-repos/http-proxy-agent/-/http-proxy-agent-2.1.0.tgz",
      "integrity": "sha1-5IIb7vWyFCogJr1zkm/lN2McVAU=",
      "requires": {
        "agent-base": "4",
        "debug": "3.1.0"
      },
      "dependencies": {
        "debug": {
          "version": "3.1.0",
          "resolved": "https://repo.dev.wixpress.com/artifactory/api/npm/npm-repos/debug/-/debug-3.1.0.tgz",
          "integrity": "sha1-W7WgZyYotkFJVmuhaBnmFRjGcmE=",
          "requires": {
            "ms": "2.0.0"
          }
        },
        "ms": {
          "version": "2.0.0",
          "resolved": "https://repo.dev.wixpress.com/artifactory/api/npm/npm-repos/ms/-/ms-2.0.0.tgz",
          "integrity": "sha1-VgiurfwAvmwpAd9fmGF4jeDVl8g="
        }
      }
    },
    "https-proxy-agent": {
      "version": "3.0.1",
      "resolved": "https://repo.dev.wixpress.com/artifactory/api/npm/npm-repos/https-proxy-agent/-/https-proxy-agent-3.0.1.tgz",
      "integrity": "sha1-uMKGQz6HYCMRsByOo0QT2Fakr4E=",
      "requires": {
        "agent-base": "^4.3.0",
        "debug": "^3.1.0"
      },
      "dependencies": {
        "debug": {
          "version": "3.2.6",
          "resolved": "https://repo.dev.wixpress.com/artifactory/api/npm/npm-repos/debug/-/debug-3.2.6.tgz",
          "integrity": "sha1-6D0X3hbYp++3cX7b5fsQE17uYps=",
          "requires": {
            "ms": "^2.1.1"
          }
        }
      }
    },
    "iconv-lite": {
      "version": "0.4.24",
      "resolved": "https://repo.dev.wixpress.com/artifactory/api/npm/npm-repos/iconv-lite/-/iconv-lite-0.4.24.tgz",
      "integrity": "sha1-ICK0sl+93CHS9SSXSkdKr+czkIs=",
      "requires": {
        "safer-buffer": ">= 2.1.2 < 3"
      }
    },
    "inherits": {
      "version": "2.0.4",
      "resolved": "https://repo.dev.wixpress.com/artifactory/api/npm/npm-repos/inherits/-/inherits-2.0.4.tgz",
      "integrity": "sha1-D6LGT5MpF8NDOg3tVTY6rjdBa3w="
    },
    "inline-css": {
      "version": "2.6.3",
      "resolved": "https://repo.dev.wixpress.com/artifactory/api/npm/npm-repos/inline-css/-/inline-css-2.6.3.tgz",
      "integrity": "sha1-gieldfyGQGxXHttr30dYuqWRdxg=",
      "requires": {
        "cheerio": "^0.22.0",
        "css-rules": "^1.0.9",
        "extract-css": "^1.5.4",
        "flat-util": "^1.1.1",
        "pick-util": "^1.0.1",
        "slick": "^1.12.2",
        "specificity": "^0.4.1"
      }
    },
    "ip": {
      "version": "1.1.5",
      "resolved": "https://repo.dev.wixpress.com/artifactory/api/npm/npm-repos/ip/-/ip-1.1.5.tgz",
      "integrity": "sha1-vd7XARQpCCjAoDnnLvJfWq7ENUo="
    },
    "isarray": {
      "version": "0.0.1",
      "resolved": "https://repo.dev.wixpress.com/artifactory/api/npm/npm-repos/isarray/-/isarray-0.0.1.tgz",
      "integrity": "sha1-ihis/Kmo9Bd+Cav8YDiTmwXR7t8="
    },
    "levn": {
      "version": "0.3.0",
      "resolved": "https://repo.dev.wixpress.com/artifactory/api/npm/npm-repos/levn/-/levn-0.3.0.tgz",
      "integrity": "sha1-OwmSTt+fCDwEkP3UwLxEIeBHZO4=",
      "requires": {
        "prelude-ls": "~1.1.2",
        "type-check": "~0.3.2"
      }
    },
    "list-stylesheets": {
      "version": "1.2.8",
      "resolved": "https://repo.dev.wixpress.com/artifactory/api/npm/npm-repos/list-stylesheets/-/list-stylesheets-1.2.8.tgz",
      "integrity": "sha1-XNloDifSW9E/tDQLH5IicJ3acmE=",
      "requires": {
        "cheerio": "^0.22.0",
        "pick-util": "^1.0.1"
      }
    },
    "lodash.assignin": {
      "version": "4.2.0",
      "resolved": "https://repo.dev.wixpress.com/artifactory/api/npm/npm-repos/lodash.assignin/-/lodash.assignin-4.2.0.tgz",
      "integrity": "sha1-uo31+4QesKPoBEIysOJjqNxqKKI="
    },
    "lodash.bind": {
      "version": "4.2.1",
      "resolved": "https://repo.dev.wixpress.com/artifactory/api/npm/npm-repos/lodash.bind/-/lodash.bind-4.2.1.tgz",
      "integrity": "sha1-euMBfpOWIqwxt9fX3LGzTbFpDTU="
    },
    "lodash.defaults": {
      "version": "4.2.0",
      "resolved": "https://repo.dev.wixpress.com/artifactory/api/npm/npm-repos/lodash.defaults/-/lodash.defaults-4.2.0.tgz",
      "integrity": "sha1-0JF4cW/+pN3p5ft7N/bwgCJ0WAw="
    },
    "lodash.filter": {
      "version": "4.6.0",
      "resolved": "https://repo.dev.wixpress.com/artifactory/api/npm/npm-repos/lodash.filter/-/lodash.filter-4.6.0.tgz",
      "integrity": "sha1-ZosdSYFgOuHMWm+nYBQ+SAtMSs4="
    },
    "lodash.flatten": {
      "version": "4.4.0",
      "resolved": "https://repo.dev.wixpress.com/artifactory/api/npm/npm-repos/lodash.flatten/-/lodash.flatten-4.4.0.tgz",
      "integrity": "sha1-8xwiIlqWMtK7+OSt2+8kCqdlph8="
    },
    "lodash.foreach": {
      "version": "4.5.0",
      "resolved": "https://repo.dev.wixpress.com/artifactory/api/npm/npm-repos/lodash.foreach/-/lodash.foreach-4.5.0.tgz",
      "integrity": "sha1-Gmo16s5AEoDH8G3d7DUWWrJ+PlM="
    },
    "lodash.map": {
      "version": "4.6.0",
      "resolved": "https://repo.dev.wixpress.com/artifactory/api/npm/npm-repos/lodash.map/-/lodash.map-4.6.0.tgz",
      "integrity": "sha1-dx7Hg540c9nEzeKLGTlMNWL09tM="
    },
    "lodash.merge": {
      "version": "4.6.2",
      "resolved": "https://repo.dev.wixpress.com/artifactory/api/npm/npm-repos/lodash.merge/-/lodash.merge-4.6.2.tgz",
      "integrity": "sha1-VYqlO0O2YeGSWgr9+japoQhf5Xo="
    },
    "lodash.pick": {
      "version": "4.4.0",
      "resolved": "https://repo.dev.wixpress.com/artifactory/api/npm/npm-repos/lodash.pick/-/lodash.pick-4.4.0.tgz",
      "integrity": "sha1-UvBWEP/53tQiYRRB7R/BI6AwAbM="
    },
    "lodash.reduce": {
      "version": "4.6.0",
      "resolved": "https://repo.dev.wixpress.com/artifactory/api/npm/npm-repos/lodash.reduce/-/lodash.reduce-4.6.0.tgz",
      "integrity": "sha1-8atrg5KZrUj3hKu/R2WW8DuRTTs="
    },
    "lodash.reject": {
      "version": "4.6.0",
      "resolved": "https://repo.dev.wixpress.com/artifactory/api/npm/npm-repos/lodash.reject/-/lodash.reject-4.6.0.tgz",
      "integrity": "sha1-gNZJLcFHCGS79YNTO2UfQqn1JBU="
    },
    "lodash.some": {
      "version": "4.6.0",
      "resolved": "https://repo.dev.wixpress.com/artifactory/api/npm/npm-repos/lodash.some/-/lodash.some-4.6.0.tgz",
      "integrity": "sha1-G7nzFO9ri63tE7VJFpsqlF62jk0="
    },
    "lru-cache": {
      "version": "5.1.1",
      "resolved": "https://repo.dev.wixpress.com/artifactory/api/npm/npm-repos/lru-cache/-/lru-cache-5.1.1.tgz",
      "integrity": "sha1-HaJ+ZxAnGUdpXa9oSOhH8B2EuSA=",
      "requires": {
        "yallist": "^3.0.2"
      }
    },
    "mediaquery-text": {
      "version": "1.1.5",
      "resolved": "https://repo.dev.wixpress.com/artifactory/api/npm/npm-repos/mediaquery-text/-/mediaquery-text-1.1.5.tgz",
      "integrity": "sha1-bO1mdSBbqdVJe/NOvQ9C8jz7BoQ=",
      "requires": {
        "cssom": "^0.4.4"
      }
    },
    "methods": {
      "version": "1.1.2",
      "resolved": "https://repo.dev.wixpress.com/artifactory/api/npm/npm-repos/methods/-/methods-1.1.2.tgz",
      "integrity": "sha1-VSmk1nZUE07cxSZmVoNbD4Ua/O4="
    },
    "mime": {
      "version": "2.4.4",
      "resolved": "https://repo.dev.wixpress.com/artifactory/api/npm/npm-repos/mime/-/mime-2.4.4.tgz",
      "integrity": "sha1-vXuRE1/GsBzePpuuM9ZZtj2IV+U="
    },
    "mime-db": {
      "version": "1.43.0",
      "resolved": "https://repo.dev.wixpress.com/artifactory/api/npm/npm-repos/mime-db/-/mime-db-1.43.0.tgz",
      "integrity": "sha1-ChLgUCZQ5HPXNVNQUOfI9OtPrlg="
    },
    "mime-types": {
      "version": "2.1.26",
      "resolved": "https://repo.dev.wixpress.com/artifactory/api/npm/npm-repos/mime-types/-/mime-types-2.1.26.tgz",
      "integrity": "sha1-nJIfwJt+FJpl39wNpNIJlyALCgY=",
      "requires": {
        "mime-db": "1.43.0"
      }
    },
    "ms": {
      "version": "2.1.2",
      "resolved": "https://repo.dev.wixpress.com/artifactory/api/npm/npm-repos/ms/-/ms-2.1.2.tgz",
      "integrity": "sha1-0J0fNXtEP0kzgqjrPM0YOHKuYAk="
    },
    "netmask": {
      "version": "1.0.6",
      "resolved": "https://repo.dev.wixpress.com/artifactory/api/npm/npm-repos/netmask/-/netmask-1.0.6.tgz",
      "integrity": "sha1-ICl+idhvb2QA8lDZ9Pa0wZRfzTU="
    },
    "nth-check": {
      "version": "1.0.2",
      "resolved": "https://repo.dev.wixpress.com/artifactory/api/npm/npm-repos/nth-check/-/nth-check-1.0.2.tgz",
      "integrity": "sha1-sr0pXDfj3VijvwcAN2Zjuk2c8Fw=",
      "requires": {
        "boolbase": "~1.0.0"
      }
    },
    "optionator": {
      "version": "0.8.3",
      "resolved": "https://repo.dev.wixpress.com/artifactory/api/npm/npm-repos/optionator/-/optionator-0.8.3.tgz",
      "integrity": "sha1-hPodA2/p08fiHZmIS2ARZ+yPtJU=",
      "requires": {
        "deep-is": "~0.1.3",
        "fast-levenshtein": "~2.0.6",
        "levn": "~0.3.0",
        "prelude-ls": "~1.1.2",
        "type-check": "~0.3.2",
        "word-wrap": "~1.2.3"
      }
    },
    "pac-proxy-agent": {
      "version": "3.0.1",
      "resolved": "https://repo.dev.wixpress.com/artifactory/api/npm/npm-repos/pac-proxy-agent/-/pac-proxy-agent-3.0.1.tgz",
      "integrity": "sha1-EVseWPkldsrC66cYWTynsON94q0=",
      "requires": {
        "agent-base": "^4.2.0",
        "debug": "^4.1.1",
        "get-uri": "^2.0.0",
        "http-proxy-agent": "^2.1.0",
        "https-proxy-agent": "^3.0.0",
        "pac-resolver": "^3.0.0",
        "raw-body": "^2.2.0",
        "socks-proxy-agent": "^4.0.1"
      }
    },
    "pac-resolver": {
      "version": "3.0.0",
      "resolved": "https://repo.dev.wixpress.com/artifactory/api/npm/npm-repos/pac-resolver/-/pac-resolver-3.0.0.tgz",
      "integrity": "sha1-auoweH2wqJFwTet4AKcip2FabyY=",
      "requires": {
        "co": "^4.6.0",
        "degenerator": "^1.0.4",
        "ip": "^1.1.5",
        "netmask": "^1.0.6",
        "thunkify": "^2.1.2"
      }
    },
    "pick-util": {
      "version": "1.0.1",
      "resolved": "https://repo.dev.wixpress.com/artifactory/api/npm/npm-repos/pick-util/-/pick-util-1.0.1.tgz",
      "integrity": "sha1-HQB619OTd7JI4tRxc33vdJ14szc=",
      "requires": {
        "flat-util": "^1.0.5"
      }
    },
    "prelude-ls": {
      "version": "1.1.2",
      "resolved": "https://repo.dev.wixpress.com/artifactory/api/npm/npm-repos/prelude-ls/-/prelude-ls-1.1.2.tgz",
      "integrity": "sha1-IZMqVJ9eUv/ZqCf1cOBL5iqX2lQ="
    },
    "process-nextick-args": {
      "version": "2.0.1",
      "resolved": "https://repo.dev.wixpress.com/artifactory/api/npm/npm-repos/process-nextick-args/-/process-nextick-args-2.0.1.tgz",
      "integrity": "sha1-eCDZsWEgzFXKmud5JoCufbptf+I="
    },
    "proxy-agent": {
      "version": "3.1.1",
      "resolved": "https://repo.dev.wixpress.com/artifactory/api/npm/npm-repos/proxy-agent/-/proxy-agent-3.1.1.tgz",
      "integrity": "sha1-fgTga/Nq+mJKFUC+JHtHyXC9MBQ=",
      "requires": {
        "agent-base": "^4.2.0",
        "debug": "4",
        "http-proxy-agent": "^2.1.0",
        "https-proxy-agent": "^3.0.0",
        "lru-cache": "^5.1.1",
        "pac-proxy-agent": "^3.0.1",
        "proxy-from-env": "^1.0.0",
        "socks-proxy-agent": "^4.0.1"
      }
    },
    "proxy-from-env": {
      "version": "1.1.0",
      "resolved": "https://repo.dev.wixpress.com/artifactory/api/npm/npm-repos/proxy-from-env/-/proxy-from-env-1.1.0.tgz",
      "integrity": "sha1-4QLxbKNVQkhldV0sno6k8k1Yw+I="
    },
    "qs": {
      "version": "6.9.1",
      "resolved": "https://repo.dev.wixpress.com/artifactory/api/npm/npm-repos/qs/-/qs-6.9.1.tgz",
      "integrity": "sha1-IAgsZct4IjY1qxqerKiHWim/jsk="
    },
    "raw-body": {
      "version": "2.4.1",
      "resolved": "https://repo.dev.wixpress.com/artifactory/api/npm/npm-repos/raw-body/-/raw-body-2.4.1.tgz",
      "integrity": "sha1-MKyC+Yu1rowVLmcUnayNVRU7Fow=",
      "requires": {
        "bytes": "3.1.0",
        "http-errors": "1.7.3",
        "iconv-lite": "0.4.24",
        "unpipe": "1.0.0"
      }
    },
    "readable-stream": {
      "version": "3.6.0",
      "resolved": "https://repo.dev.wixpress.com/artifactory/api/npm/npm-repos/readable-stream/-/readable-stream-3.6.0.tgz",
      "integrity": "sha1-M3u9o63AcGvT4CRCaihtS0sskZg=",
      "requires": {
        "inherits": "^2.0.3",
        "string_decoder": "^1.1.1",
        "util-deprecate": "^1.0.1"
      }
    },
    "remote-content": {
      "version": "1.2.3",
      "resolved": "https://repo.dev.wixpress.com/artifactory/api/npm/npm-repos/remote-content/-/remote-content-1.2.3.tgz",
      "integrity": "sha1-bRdck5Sd9JbLrMeM+Fg8wf4ilwU=",
      "requires": {
        "proxy-from-env": "^1.0.0",
        "superagent": "^5.2.1",
        "superagent-proxy": "^2.0.0"
      }
    },
    "safe-buffer": {
      "version": "5.2.0",
      "resolved": "https://repo.dev.wixpress.com/artifactory/api/npm/npm-repos/safe-buffer/-/safe-buffer-5.2.0.tgz",
      "integrity": "sha1-t02uxJsRSPiMZLaNSbHoFcHy9Rk="
    },
    "safer-buffer": {
      "version": "2.1.2",
      "resolved": "https://repo.dev.wixpress.com/artifactory/api/npm/npm-repos/safer-buffer/-/safer-buffer-2.1.2.tgz",
      "integrity": "sha1-RPoWGwGHuVSd2Eu5GAL5vYOFzWo="
    },
    "semver": {
      "version": "6.3.0",
      "resolved": "https://repo.dev.wixpress.com/artifactory/api/npm/npm-repos/semver/-/semver-6.3.0.tgz",
      "integrity": "sha1-7gpkyK9ejO6mdoexM3YeG+y9HT0="
    },
    "setprototypeof": {
      "version": "1.1.1",
      "resolved": "https://repo.dev.wixpress.com/artifactory/api/npm/npm-repos/setprototypeof/-/setprototypeof-1.1.1.tgz",
      "integrity": "sha1-fpWsskqpL1iF4KvvW6ExMw1K5oM="
    },
    "slick": {
      "version": "1.12.2",
      "resolved": "https://repo.dev.wixpress.com/artifactory/api/npm/npm-repos/slick/-/slick-1.12.2.tgz",
      "integrity": "sha1-vQSN23TefRymkV+qSldXCzVQwtc="
    },
    "smart-buffer": {
      "version": "4.1.0",
      "resolved": "https://repo.dev.wixpress.com/artifactory/api/npm/npm-repos/smart-buffer/-/smart-buffer-4.1.0.tgz",
      "integrity": "sha1-kWBcJdkWUvRmHqacz0XxszHKIbo="
    },
    "socks": {
      "version": "2.3.3",
      "resolved": "https://repo.dev.wixpress.com/artifactory/api/npm/npm-repos/socks/-/socks-2.3.3.tgz",
      "integrity": "sha1-ARKfCl1TTSuJdxLtis6rfuZdeOM=",
      "requires": {
        "ip": "1.1.5",
        "smart-buffer": "^4.1.0"
      }
    },
    "socks-proxy-agent": {
      "version": "4.0.2",
      "resolved": "https://repo.dev.wixpress.com/artifactory/api/npm/npm-repos/socks-proxy-agent/-/socks-proxy-agent-4.0.2.tgz",
      "integrity": "sha1-PImR8xRbJ5nnDhG9X7yLGWMRY4Y=",
      "requires": {
        "agent-base": "~4.2.1",
        "socks": "~2.3.2"
      },
      "dependencies": {
        "agent-base": {
          "version": "4.2.1",
          "resolved": "https://repo.dev.wixpress.com/artifactory/api/npm/npm-repos/agent-base/-/agent-base-4.2.1.tgz",
          "integrity": "sha1-2J5ZmfeXh1Z0wH2H8mD8Qeg+jKk=",
          "requires": {
            "es6-promisify": "^5.0.0"
          }
        }
      }
    },
    "source-map": {
      "version": "0.6.1",
      "resolved": "https://repo.dev.wixpress.com/artifactory/api/npm/npm-repos/source-map/-/source-map-0.6.1.tgz",
      "integrity": "sha1-dHIq8y6WFOnCh6jQu95IteLxomM=",
      "optional": true
    },
    "specificity": {
      "version": "0.4.1",
      "resolved": "https://repo.dev.wixpress.com/artifactory/api/npm/npm-repos/specificity/-/specificity-0.4.1.tgz",
      "integrity": "sha1-qrXmRQEtsIuhguFRFlc40AiHsBk="
    },
    "statuses": {
      "version": "1.5.0",
      "resolved": "https://repo.dev.wixpress.com/artifactory/api/npm/npm-repos/statuses/-/statuses-1.5.0.tgz",
      "integrity": "sha1-Fhx9rBd2Wf2YEfQ3cfqZOBR4Yow="
    },
    "string_decoder": {
      "version": "1.3.0",
      "resolved": "https://repo.dev.wixpress.com/artifactory/api/npm/npm-repos/string_decoder/-/string_decoder-1.3.0.tgz",
      "integrity": "sha1-QvEUWUpGzxqOMLCoT1bHjD7awh4=",
      "requires": {
        "safe-buffer": "~5.2.0"
      }
    },
    "style-data": {
      "version": "1.4.6",
      "resolved": "https://repo.dev.wixpress.com/artifactory/api/npm/npm-repos/style-data/-/style-data-1.4.6.tgz",
      "integrity": "sha1-ZcVglbA4Mo98qYBqpIA7kZizQqU=",
      "requires": {
        "cheerio": "^0.22.0",
        "mediaquery-text": "^1.1.5",
        "pick-util": "^1.0.1"
      }
    },
    "superagent": {
      "version": "5.2.2",
      "resolved": "https://repo.dev.wixpress.com/artifactory/api/npm/npm-repos/superagent/-/superagent-5.2.2.tgz",
      "integrity": "sha1-b/cmxWQnlbLCcAnpJofI5pprsH0=",
      "requires": {
        "component-emitter": "^1.3.0",
        "cookiejar": "^2.1.2",
        "debug": "^4.1.1",
        "fast-safe-stringify": "^2.0.7",
        "form-data": "^3.0.0",
        "formidable": "^1.2.1",
        "methods": "^1.1.2",
        "mime": "^2.4.4",
        "qs": "^6.9.1",
        "readable-stream": "^3.4.0",
        "semver": "^6.3.0"
      }
    },
    "superagent-proxy": {
      "version": "2.0.0",
      "resolved": "https://repo.dev.wixpress.com/artifactory/api/npm/npm-repos/superagent-proxy/-/superagent-proxy-2.0.0.tgz",
      "integrity": "sha1-n1dRXNZg4unOVcDmvXD5LrB8PuA=",
      "requires": {
        "debug": "^3.1.0",
        "proxy-agent": "3"
      },
      "dependencies": {
        "debug": {
          "version": "3.2.6",
          "resolved": "https://repo.dev.wixpress.com/artifactory/api/npm/npm-repos/debug/-/debug-3.2.6.tgz",
          "integrity": "sha1-6D0X3hbYp++3cX7b5fsQE17uYps=",
          "requires": {
            "ms": "^2.1.1"
          }
        }
      }
    },
    "thunkify": {
      "version": "2.1.2",
      "resolved": "https://repo.dev.wixpress.com/artifactory/api/npm/npm-repos/thunkify/-/thunkify-2.1.2.tgz",
      "integrity": "sha1-+qDp0jDFGsyVyhOjYawFyn4EVT0="
    },
    "toidentifier": {
      "version": "1.0.0",
      "resolved": "https://repo.dev.wixpress.com/artifactory/api/npm/npm-repos/toidentifier/-/toidentifier-1.0.0.tgz",
      "integrity": "sha1-fhvjRw8ed5SLxD2Uo8j013UrpVM="
    },
    "type-check": {
      "version": "0.3.2",
      "resolved": "https://repo.dev.wixpress.com/artifactory/api/npm/npm-repos/type-check/-/type-check-0.3.2.tgz",
      "integrity": "sha1-WITKtRLPHTVeP7eE8wgEsrUg23I=",
      "requires": {
        "prelude-ls": "~1.1.2"
      }
    },
    "unpipe": {
      "version": "1.0.0",
      "resolved": "https://repo.dev.wixpress.com/artifactory/api/npm/npm-repos/unpipe/-/unpipe-1.0.0.tgz",
      "integrity": "sha1-sr9O6FFKrmFltIF4KdIbLvSZBOw="
    },
    "util-deprecate": {
      "version": "1.0.2",
      "resolved": "https://repo.dev.wixpress.com/artifactory/api/npm/npm-repos/util-deprecate/-/util-deprecate-1.0.2.tgz",
      "integrity": "sha1-RQ1Nyfpw3nMnYvvS1KKJgUGaDM8="
    },
    "word-wrap": {
      "version": "1.2.3",
      "resolved": "https://repo.dev.wixpress.com/artifactory/api/npm/npm-repos/word-wrap/-/word-wrap-1.2.3.tgz",
      "integrity": "sha1-YQY29rH3A4kb00dxzLF/uTtHB5w="
    },
    "xregexp": {
      "version": "2.0.0",
      "resolved": "https://repo.dev.wixpress.com/artifactory/api/npm/npm-repos/xregexp/-/xregexp-2.0.0.tgz",
      "integrity": "sha1-UqY+VsoLhKfzpfPWGHLxJq16WUM="
    },
    "yallist": {
      "version": "3.1.1",
      "resolved": "https://repo.dev.wixpress.com/artifactory/api/npm/npm-repos/yallist/-/yallist-3.1.1.tgz",
      "integrity": "sha1-27fa+b/YusmrRev2ArjLrQ1dCP0="
    }
  }
}
